
Microsoft Visual Studio Solution File, Format Version 12.00
# Visual Studio Version 17
VisualStudioVersion = 17.4.33403.182
MinimumVisualStudioVersion = 10.0.40219.1
Project("{9A19103F-16F7-4668-BE54-9A1E7A4F7556}") = "EasyCashIdentityProject.DataAccessLayer", "EasyCashIdentityProject.DataAccessLayer\EasyCashIdentityProject.DataAccessLayer.csproj", "{EA1BE075-8FD2-4F3C-AB01-4E80A3556124}"
EndProject
Project("{9A19103F-16F7-4668-BE54-9A1E7A4F7556}") = "EasyCashIdentityProject.BusinessLayer", "EasyCashIdentityProject.BusinessLayer\EasyCashIdentityProject.BusinessLayer.csproj", "{C82126D8-5B9D-40F4-A7AA-860A1DA9EBD3}"
EndProject
Project("{9A19103F-16F7-4668-BE54-9A1E7A4F7556}") = "EasyCashIdentityProject.EntityLayer", "EasyCashIdentityProject.EntityLayer\EasyCashIdentityProject.EntityLayer.csproj", "{A11D8CBF-E26A-45E7-843E-F326D8B42EA9}"
EndProject
Project("{9A19103F-16F7-4668-BE54-9A1E7A4F7556}") = "EasyCashIdentityProject.DtoLayer", "EasyCashIdentityProject.DtoLayer\EasyCashIdentityProject.DtoLayer.csproj", "{4F7B303D-2B3B-41B3-AB22-75AC9CE3B4E2}"
EndProject
Project("{FAE04EC0-301F-11D3-BF4B-00C04F79EFBC}") = "EasyCashProject.PresentationLayer", "EasyCashProject.PresentationLayer\EasyCashProject.PresentationLayer.csproj", "{54049925-16C9-46E7-B8AE-BA9FEDB4B2DE}"
EndProject
Global
	GlobalSection(SolutionConfigurationPlatforms) = preSolution
		Debug|Any CPU = Debug|Any CPU
		Release|Any CPU = Release|Any CPU
	EndGlobalSection
	GlobalSection(ProjectConfigurationPlatforms) = postSolution
		{EA1BE075-8FD2-4F3C-AB01-4E80A3556124}.Debug|Any CPU.ActiveCfg = Debug|Any CPU
		{EA1BE075-8FD2-4F3C-AB01-4E80A3556124}.Debug|Any CPU.Build.0 = Debug|Any CPU
		{EA1BE075-8FD2-4F3C-AB01-4E80A3556124}.Release|Any CPU.ActiveCfg = Release|Any CPU
		{EA1BE075-8FD2-4F3C-AB01-4E80A3556124}.Release|Any CPU.Build.0 = Release|Any CPU
		{C82126D8-5B9D-40F4-A7AA-860A1DA9EBD3}.Debug|Any CPU.ActiveCfg = Debug|Any CPU
		{C82126D8-5B9D-40F4-A7AA-860A1DA9EBD3}.Debug|Any CPU.Build.0 = Debug|Any CPU
		{C82126D8-5B9D-40F4-A7AA-860A1DA9EBD3}.Release|Any CPU.ActiveCfg = Release|Any CPU
		{C82126D8-5B9D-40F4-A7AA-860A1DA9EBD3}.Release|Any CPU.Build.0 = Release|Any CPU
		{A11D8CBF-E26A-45E7-843E-F326D8B42EA9}.Debug|Any CPU.ActiveCfg = Debug|Any CPU
		{A11D8CBF-E26A-45E7-843E-F326D8B42EA9}.Debug|Any CPU.Build.0 = Debug|Any CPU
		{A11D8CBF-E26A-45E7-843E-F326D8B42EA9}.Release|Any CPU.ActiveCfg = Release|Any CPU
		{A11D8CBF-E26A-45E7-843E-F326D8B42EA9}.Release|Any CPU.Build.0 = Release|Any CPU
		{4F7B303D-2B3B-41B3-AB22-75AC9CE3B4E2}.Debug|Any CPU.ActiveCfg = Debug|Any CPU
		{4F7B303D-2B3B-41B3-AB22-75AC9CE3B4E2}.Debug|Any CPU.Build.0 = Debug|Any CPU
		{4F7B303D-2B3B-41B3-AB22-75AC9CE3B4E2}.Release|Any CPU.ActiveCfg = Release|Any CPU
		{4F7B303D-2B3B-41B3-AB22-75AC9CE3B4E2}.Release|Any CPU.Build.0 = Release|Any CPU
		{54049925-16C9-46E7-B8AE-BA9FEDB4B2DE}.Debug|Any CPU.ActiveCfg = Debug|Any CPU
		{54049925-16C9-46E7-B8AE-BA9FEDB4B2DE}.Debug|Any CPU.Build.0 = Debug|Any CPU
		{54049925-16C9-46E7-B8AE-BA9FEDB4B2DE}.Release|Any CPU.ActiveCfg = Release|Any CPU
		{54049925-16C9-46E7-B8AE-BA9FEDB4B2DE}.Release|Any CPU.Build.0 = Release|Any CPU
	EndGlobalSection
	GlobalSection(SolutionProperties) = preSolution
		HideSolutionNode = FALSE
	EndGlobalSection
	GlobalSection(ExtensibilityGlobals) = postSolution
		SolutionGuid = {7B8AB6AB-6874-4F73-B7B3-5DB79157D733}
	EndGlobalSection
EndGlobal
